
Microsoft Visual Studio Solution File, Format Version 12.00
# Visual Studio Version 17
VisualStudioVersion = 17.6.33829.357
MinimumVisualStudioVersion = 10.0.40219.1
Project("{FAE04EC0-301F-11D3-BF4B-00C04F79EFBC}") = "MilesCarRental", "MilesCarRental\MilesCarRental.csproj", "{5C43A6F9-1E38-44C2-BF13-7D302F521D85}"
EndProject
Global
	GlobalSection(SolutionConfigurationPlatforms) = preSolution
		Debug|Any CPU = Debug|Any CPU
		Release|Any CPU = Release|Any CPU
	EndGlobalSection
	GlobalSection(ProjectConfigurationPlatforms) = postSolution
		{5C43A6F9-1E38-44C2-BF13-7D302F521D85}.Debug|Any CPU.ActiveCfg = Debug|Any CPU
		{5C43A6F9-1E38-44C2-BF13-7D302F521D85}.Debug|Any CPU.Build.0 = Debug|Any CPU
		{5C43A6F9-1E38-44C2-BF13-7D302F521D85}.Release|Any CPU.ActiveCfg = Release|Any CPU
		{5C43A6F9-1E38-44C2-BF13-7D302F521D85}.Release|Any CPU.Build.0 = Release|Any CPU
	EndGlobalSection
	GlobalSection(SolutionProperties) = preSolution
		HideSolutionNode = FALSE
	EndGlobalSection
	GlobalSection(ExtensibilityGlobals) = postSolution
		SolutionGuid = {66346541-432D-4731-862F-C7C7C69479BF}
	EndGlobalSection
EndGlobal
